
Microsoft Visual Studio Solution File, Format Version 12.00
# Visual Studio Version 17
VisualStudioVersion = 17.5.33627.172
MinimumVisualStudioVersion = 10.0.40219.1
Project("{FAE04EC0-301F-11D3-BF4B-00C04F79EFBC}") = "A01Introduction", "A01Introduction\A01Introduction.csproj", "{3A570C43-3E8C-4F72-8037-364A702FA6E1}"
EndProject
Project("{FAE04EC0-301F-11D3-BF4B-00C04F79EFBC}") = "A02StringOperations", "A02StringOperations\A02StringOperations.csproj", "{9BBB3368-236B-4BA4-A5B3-6DDA6E6BCBC3}"
EndProject
Project("{FAE04EC0-301F-11D3-BF4B-00C04F79EFBC}") = "A03DataInput", "DataInput\A03DataInput.csproj", "{440002C2-0A31-40AB-8A36-30E218E19CDF}"
EndProject
Project("{FAE04EC0-301F-11D3-BF4B-00C04F79EFBC}") = "P04ExerciseString", "P04ExerciseString\P04ExerciseString.csproj", "{578327A6-CA7A-478A-8982-7DDA7A0509C4}"
EndProject
Project("{FAE04EC0-301F-11D3-BF4B-00C04F79EFBC}") = "A05Debugging", "A05Debugging\A05Debugging.csproj", "{97145262-1BC2-4A3E-B654-F6CD034D5DC6}"
EndProject
Project("{FAE04EC0-301F-11D3-BF4B-00C04F79EFBC}") = "A06Operators", "A06Operators\A06Operators.csproj", "{91C8E852-1C8A-49BD-A5A6-17AAECD79F52}"
EndProject
Project("{FAE04EC0-301F-11D3-BF4B-00C04F79EFBC}") = "A07ConditionalStatements", "A07ConditionalStatements\A07ConditionalStatements.csproj", "{6512B2FF-C624-41CD-A872-0A8C614F925E}"
EndProject
Project("{FAE04EC0-301F-11D3-BF4B-00C04F79EFBC}") = "A08ExerciseConditionalStatements", "A08ExerciseConditionalStatements\A08ExerciseConditionalStatements.csproj", "{B67E5820-7742-4593-B08A-91BBA1AA4576}"
EndProject
Project("{FAE04EC0-301F-11D3-BF4B-00C04F79EFBC}") = "P08QestionMark", "P08QestionMark\P08QestionMark.csproj", "{BA801EC4-3E7B-488D-B647-EFA08501440E}"
EndProject
Project("{FAE04EC0-301F-11D3-BF4B-00C04F79EFBC}") = "A09Switch", "A09Switch\A09Switch.csproj", "{36BD91B2-AC2C-44CC-A901-905D9280B3F9}"
EndProject
Project("{FAE04EC0-301F-11D3-BF4B-00C04F79EFBC}") = "A10Loops", "A10Loops\A10Loops.csproj", "{2814C3F9-7290-48E3-A898-F20E0E931D0A}"
EndProject
Project("{FAE04EC0-301F-11D3-BF4B-00C04F79EFBC}") = "A11TaskLoops", "A11TaskLoops\A11TaskLoops.csproj", "{8D59DBF3-AB0D-4FC3-8D28-F42CFD22239C}"
EndProject
Project("{FAE04EC0-301F-11D3-BF4B-00C04F79EFBC}") = "P12BreakAndContinue", "P15BreakAndContinue\P12BreakAndContinue.csproj", "{3241957C-720E-423E-99AB-AE5027AEC3CE}"
EndProject
Project("{FAE04EC0-301F-11D3-BF4B-00C04F79EFBC}") = "A13OtherLoops", "A13OtherLoops\A13OtherLoops.csproj", "{71155AB5-D608-4B2D-A404-F655F1DB1998}"
EndProject
Project("{FAE04EC0-301F-11D3-BF4B-00C04F79EFBC}") = "B01WebClient", "B01WebClient\B01WebClient.csproj", "{8BF711B9-53F0-4FCD-9A48-A86024DACCD2}"
EndProject
Project("{FAE04EC0-301F-11D3-BF4B-00C04F79EFBC}") = "B02WebClientWeather", "B02WebClientWeather\B02WebClientWeather.csproj", "{CBF13AC3-68E0-4261-9684-4270AA90AF40}"
EndProject
Project("{FAE04EC0-301F-11D3-BF4B-00C04F79EFBC}") = "B03ErrorHandling", "B03ErrorHandling\B03ErrorHandling.csproj", "{26FC650B-DD05-4D5B-80A2-CAFEBFC2510F}"
EndProject
Project("{FAE04EC0-301F-11D3-BF4B-00C04F79EFBC}") = "P13Homework1", "P13Homework\P13Homework1.csproj", "{96B64D54-6BC0-4B2B-9B62-CEDF9F81DCDD}"
EndProject
Project("{FAE04EC0-301F-11D3-BF4B-00C04F79EFBC}") = "P13Homework2", "P13Homework2\P13Homework2.csproj", "{A4DAADE5-99B4-4569-8E25-0912287A328E}"
EndProject
Project("{FAE04EC0-301F-11D3-BF4B-00C04F79EFBC}") = "P13HW3", "P13HW3\P13HW3.csproj", "{2F635EFB-05AD-4D1A-A984-D33A469D415F}"
EndProject
Project("{FAE04EC0-301F-11D3-BF4B-00C04F79EFBC}") = "P13HW5", "P13HW5\P13HW5.csproj", "{C88C8EC6-1531-4808-B5CD-92B67D2B1ADD}"
EndProject
Project("{FAE04EC0-301F-11D3-BF4B-00C04F79EFBC}") = "P13HW4", "P13HW4\P13HW4.csproj", "{25D9774A-D1E8-4A71-BB97-07D49F2A5554}"
EndProject
Project("{FAE04EC0-301F-11D3-BF4B-00C04F79EFBC}") = "P13HW6", "P13HW6\P13HW6.csproj", "{BBAD5778-B3C9-409D-B4E1-0DE482A7CE53}"
EndProject
Global
	GlobalSection(SolutionConfigurationPlatforms) = preSolution
		Debug|Any CPU = Debug|Any CPU
		Release|Any CPU = Release|Any CPU
	EndGlobalSection
	GlobalSection(ProjectConfigurationPlatforms) = postSolution
		{3A570C43-3E8C-4F72-8037-364A702FA6E1}.Debug|Any CPU.ActiveCfg = Debug|Any CPU
		{3A570C43-3E8C-4F72-8037-364A702FA6E1}.Debug|Any CPU.Build.0 = Debug|Any CPU
		{3A570C43-3E8C-4F72-8037-364A702FA6E1}.Release|Any CPU.ActiveCfg = Release|Any CPU
		{3A570C43-3E8C-4F72-8037-364A702FA6E1}.Release|Any CPU.Build.0 = Release|Any CPU
		{9BBB3368-236B-4BA4-A5B3-6DDA6E6BCBC3}.Debug|Any CPU.ActiveCfg = Debug|Any CPU
		{9BBB3368-236B-4BA4-A5B3-6DDA6E6BCBC3}.Debug|Any CPU.Build.0 = Debug|Any CPU
		{9BBB3368-236B-4BA4-A5B3-6DDA6E6BCBC3}.Release|Any CPU.ActiveCfg = Release|Any CPU
		{9BBB3368-236B-4BA4-A5B3-6DDA6E6BCBC3}.Release|Any CPU.Build.0 = Release|Any CPU
		{440002C2-0A31-40AB-8A36-30E218E19CDF}.Debug|Any CPU.ActiveCfg = Debug|Any CPU
		{440002C2-0A31-40AB-8A36-30E218E19CDF}.Debug|Any CPU.Build.0 = Debug|Any CPU
		{440002C2-0A31-40AB-8A36-30E218E19CDF}.Release|Any CPU.ActiveCfg = Release|Any CPU
		{440002C2-0A31-40AB-8A36-30E218E19CDF}.Release|Any CPU.Build.0 = Release|Any CPU
		{578327A6-CA7A-478A-8982-7DDA7A0509C4}.Debug|Any CPU.ActiveCfg = Debug|Any CPU
		{578327A6-CA7A-478A-8982-7DDA7A0509C4}.Debug|Any CPU.Build.0 = Debug|Any CPU
		{578327A6-CA7A-478A-8982-7DDA7A0509C4}.Release|Any CPU.ActiveCfg = Release|Any CPU
		{578327A6-CA7A-478A-8982-7DDA7A0509C4}.Release|Any CPU.Build.0 = Release|Any CPU
		{97145262-1BC2-4A3E-B654-F6CD034D5DC6}.Debug|Any CPU.ActiveCfg = Debug|Any CPU
		{97145262-1BC2-4A3E-B654-F6CD034D5DC6}.Debug|Any CPU.Build.0 = Debug|Any CPU
		{97145262-1BC2-4A3E-B654-F6CD034D5DC6}.Release|Any CPU.ActiveCfg = Release|Any CPU
		{97145262-1BC2-4A3E-B654-F6CD034D5DC6}.Release|Any CPU.Build.0 = Release|Any CPU
		{91C8E852-1C8A-49BD-A5A6-17AAECD79F52}.Debug|Any CPU.ActiveCfg = Debug|Any CPU
		{91C8E852-1C8A-49BD-A5A6-17AAECD79F52}.Debug|Any CPU.Build.0 = Debug|Any CPU
		{91C8E852-1C8A-49BD-A5A6-17AAECD79F52}.Release|Any CPU.ActiveCfg = Release|Any CPU
		{91C8E852-1C8A-49BD-A5A6-17AAECD79F52}.Release|Any CPU.Build.0 = Release|Any CPU
		{6512B2FF-C624-41CD-A872-0A8C614F925E}.Debug|Any CPU.ActiveCfg = Debug|Any CPU
		{6512B2FF-C624-41CD-A872-0A8C614F925E}.Debug|Any CPU.Build.0 = Debug|Any CPU
		{6512B2FF-C624-41CD-A872-0A8C614F925E}.Release|Any CPU.ActiveCfg = Release|Any CPU
		{6512B2FF-C624-41CD-A872-0A8C614F925E}.Release|Any CPU.Build.0 = Release|Any CPU
		{B67E5820-7742-4593-B08A-91BBA1AA4576}.Debug|Any CPU.ActiveCfg = Debug|Any CPU
		{B67E5820-7742-4593-B08A-91BBA1AA4576}.Debug|Any CPU.Build.0 = Debug|Any CPU
		{B67E5820-7742-4593-B08A-91BBA1AA4576}.Release|Any CPU.ActiveCfg = Release|Any CPU
		{B67E5820-7742-4593-B08A-91BBA1AA4576}.Release|Any CPU.Build.0 = Release|Any CPU
		{BA801EC4-3E7B-488D-B647-EFA08501440E}.Debug|Any CPU.ActiveCfg = Debug|Any CPU
		{BA801EC4-3E7B-488D-B647-EFA08501440E}.Debug|Any CPU.Build.0 = Debug|Any CPU
		{BA801EC4-3E7B-488D-B647-EFA08501440E}.Release|Any CPU.ActiveCfg = Release|Any CPU
		{BA801EC4-3E7B-488D-B647-EFA08501440E}.Release|Any CPU.Build.0 = Release|Any CPU
		{36BD91B2-AC2C-44CC-A901-905D9280B3F9}.Debug|Any CPU.ActiveCfg = Debug|Any CPU
		{36BD91B2-AC2C-44CC-A901-905D9280B3F9}.Debug|Any CPU.Build.0 = Debug|Any CPU
		{36BD91B2-AC2C-44CC-A901-905D9280B3F9}.Release|Any CPU.ActiveCfg = Release|Any CPU
		{36BD91B2-AC2C-44CC-A901-905D9280B3F9}.Release|Any CPU.Build.0 = Release|Any CPU
		{2814C3F9-7290-48E3-A898-F20E0E931D0A}.Debug|Any CPU.ActiveCfg = Debug|Any CPU
		{2814C3F9-7290-48E3-A898-F20E0E931D0A}.Debug|Any CPU.Build.0 = Debug|Any CPU
		{2814C3F9-7290-48E3-A898-F20E0E931D0A}.Release|Any CPU.ActiveCfg = Release|Any CPU
		{2814C3F9-7290-48E3-A898-F20E0E931D0A}.Release|Any CPU.Build.0 = Release|Any CPU
		{8D59DBF3-AB0D-4FC3-8D28-F42CFD22239C}.Debug|Any CPU.ActiveCfg = Debug|Any CPU
		{8D59DBF3-AB0D-4FC3-8D28-F42CFD22239C}.Debug|Any CPU.Build.0 = Debug|Any CPU
		{8D59DBF3-AB0D-4FC3-8D28-F42CFD22239C}.Release|Any CPU.ActiveCfg = Release|Any CPU
		{8D59DBF3-AB0D-4FC3-8D28-F42CFD22239C}.Release|Any CPU.Build.0 = Release|Any CPU
		{3241957C-720E-423E-99AB-AE5027AEC3CE}.Debug|Any CPU.ActiveCfg = Debug|Any CPU
		{3241957C-720E-423E-99AB-AE5027AEC3CE}.Debug|Any CPU.Build.0 = Debug|Any CPU
		{3241957C-720E-423E-99AB-AE5027AEC3CE}.Release|Any CPU.ActiveCfg = Release|Any CPU
		{3241957C-720E-423E-99AB-AE5027AEC3CE}.Release|Any CPU.Build.0 = Release|Any CPU
		{71155AB5-D608-4B2D-A404-F655F1DB1998}.Debug|Any CPU.ActiveCfg = Debug|Any CPU
		{71155AB5-D608-4B2D-A404-F655F1DB1998}.Debug|Any CPU.Build.0 = Debug|Any CPU
		{71155AB5-D608-4B2D-A404-F655F1DB1998}.Release|Any CPU.ActiveCfg = Release|Any CPU
		{71155AB5-D608-4B2D-A404-F655F1DB1998}.Release|Any CPU.Build.0 = Release|Any CPU
		{8BF711B9-53F0-4FCD-9A48-A86024DACCD2}.Debug|Any CPU.ActiveCfg = Debug|Any CPU
		{8BF711B9-53F0-4FCD-9A48-A86024DACCD2}.Debug|Any CPU.Build.0 = Debug|Any CPU
		{8BF711B9-53F0-4FCD-9A48-A86024DACCD2}.Release|Any CPU.ActiveCfg = Release|Any CPU
		{8BF711B9-53F0-4FCD-9A48-A86024DACCD2}.Release|Any CPU.Build.0 = Release|Any CPU
		{CBF13AC3-68E0-4261-9684-4270AA90AF40}.Debug|Any CPU.ActiveCfg = Debug|Any CPU
		{CBF13AC3-68E0-4261-9684-4270AA90AF40}.Debug|Any CPU.Build.0 = Debug|Any CPU
		{CBF13AC3-68E0-4261-9684-4270AA90AF40}.Release|Any CPU.ActiveCfg = Release|Any CPU
		{CBF13AC3-68E0-4261-9684-4270AA90AF40}.Release|Any CPU.Build.0 = Release|Any CPU
		{26FC650B-DD05-4D5B-80A2-CAFEBFC2510F}.Debug|Any CPU.ActiveCfg = Debug|Any CPU
		{26FC650B-DD05-4D5B-80A2-CAFEBFC2510F}.Debug|Any CPU.Build.0 = Debug|Any CPU
		{26FC650B-DD05-4D5B-80A2-CAFEBFC2510F}.Release|Any CPU.ActiveCfg = Release|Any CPU
		{26FC650B-DD05-4D5B-80A2-CAFEBFC2510F}.Release|Any CPU.Build.0 = Release|Any CPU
		{96B64D54-6BC0-4B2B-9B62-CEDF9F81DCDD}.Debug|Any CPU.ActiveCfg = Debug|Any CPU
		{96B64D54-6BC0-4B2B-9B62-CEDF9F81DCDD}.Debug|Any CPU.Build.0 = Debug|Any CPU
		{96B64D54-6BC0-4B2B-9B62-CEDF9F81DCDD}.Release|Any CPU.ActiveCfg = Release|Any CPU
		{96B64D54-6BC0-4B2B-9B62-CEDF9F81DCDD}.Release|Any CPU.Build.0 = Release|Any CPU
		{A4DAADE5-99B4-4569-8E25-0912287A328E}.Debug|Any CPU.ActiveCfg = Debug|Any CPU
		{A4DAADE5-99B4-4569-8E25-0912287A328E}.Debug|Any CPU.Build.0 = Debug|Any CPU
		{A4DAADE5-99B4-4569-8E25-0912287A328E}.Release|Any CPU.ActiveCfg = Release|Any CPU
		{A4DAADE5-99B4-4569-8E25-0912287A328E}.Release|Any CPU.Build.0 = Release|Any CPU
		{2F635EFB-05AD-4D1A-A984-D33A469D415F}.Debug|Any CPU.ActiveCfg = Debug|Any CPU
		{2F635EFB-05AD-4D1A-A984-D33A469D415F}.Debug|Any CPU.Build.0 = Debug|Any CPU
		{2F635EFB-05AD-4D1A-A984-D33A469D415F}.Release|Any CPU.ActiveCfg = Release|Any CPU
		{2F635EFB-05AD-4D1A-A984-D33A469D415F}.Release|Any CPU.Build.0 = Release|Any CPU
		{C88C8EC6-1531-4808-B5CD-92B67D2B1ADD}.Debug|Any CPU.ActiveCfg = Debug|Any CPU
		{C88C8EC6-1531-4808-B5CD-92B67D2B1ADD}.Debug|Any CPU.Build.0 = Debug|Any CPU
		{C88C8EC6-1531-4808-B5CD-92B67D2B1ADD}.Release|Any CPU.ActiveCfg = Release|Any CPU
		{C88C8EC6-1531-4808-B5CD-92B67D2B1ADD}.Release|Any CPU.Build.0 = Release|Any CPU
		{25D9774A-D1E8-4A71-BB97-07D49F2A5554}.Debug|Any CPU.ActiveCfg = Debug|Any CPU
		{25D9774A-D1E8-4A71-BB97-07D49F2A5554}.Debug|Any CPU.Build.0 = Debug|Any CPU
		{25D9774A-D1E8-4A71-BB97-07D49F2A5554}.Release|Any CPU.ActiveCfg = Release|Any CPU
		{25D9774A-D1E8-4A71-BB97-07D49F2A5554}.Release|Any CPU.Build.0 = Release|Any CPU
		{BBAD5778-B3C9-409D-B4E1-0DE482A7CE53}.Debug|Any CPU.ActiveCfg = Debug|Any CPU
		{BBAD5778-B3C9-409D-B4E1-0DE482A7CE53}.Debug|Any CPU.Build.0 = Debug|Any CPU
		{BBAD5778-B3C9-409D-B4E1-0DE482A7CE53}.Release|Any CPU.ActiveCfg = Release|Any CPU
		{BBAD5778-B3C9-409D-B4E1-0DE482A7CE53}.Release|Any CPU.Build.0 = Release|Any CPU
	EndGlobalSection
	GlobalSection(SolutionProperties) = preSolution
		HideSolutionNode = FALSE
	EndGlobalSection
	GlobalSection(ExtensibilityGlobals) = postSolution
		SolutionGuid = {BF53EFF2-7E26-49E4-9E4C-8EB3A2E845E2}
	EndGlobalSection
EndGlobal
